{
  "nodes": {
    "nixlib": {
      "locked": {
        "lastModified": 1665277441,
        "narHash": "sha256-TTuO5F7sStTBL/twYMSnRakrw1l7FqAYulN7+HPYjqc=",
        "owner": "nix-community",
        "repo": "nixpkgs.lib",
        "rev": "76ef73e385f96bb438676cf5f21f220694fd3d73",
        "type": "github"
      },
      "original": {
        "owner": "nix-community",
        "repo": "nixpkgs.lib",
        "type": "github"
      }
    },
    "nixpkgs": {
      "locked": {
        "lastModified": 1664780719,
        "narHash": "sha256-Oxe6la5dSqRfJogjtY4sRzJjDDqvroJIVkcGEOT87MA=",
        "owner": "NixOS",
        "repo": "nixpkgs",
        "rev": "fd54651f5ffb4a36e8463e0c327a78442b26cbe7",
        "type": "github"
      },
      "original": {
        "owner": "NixOS",
        "repo": "nixpkgs",
        "rev": "fd54651f5ffb4a36e8463e0c327a78442b26cbe7",
        "type": "github"
      }
    },
    "nixpkgs-tensorflow": {
      "locked": {
        "lastModified": 1669897001,
        "narHash": "sha256-5xESSKSgBPhjctRYUzES8RiMo+OmA2E/D74RNULQb9M=",
        "owner": "NixOS",
        "repo": "nixpkgs",
        "rev": "dcc26b62da6963053c299af3e19b89b94924edec",
        "type": "github"
      },
      "original": {
        "owner": "NixOS",
        "repo": "nixpkgs",
        "rev": "dcc26b62da6963053c299af3e19b89b94924edec",
        "type": "github"
      }
    },
    "root": {
      "inputs": {
        "nixlib": "nixlib",
        "nixpkgs": "nixpkgs",
        "nixpkgs-tensorflow": "nixpkgs-tensorflow"
      }
    }
  },
  "root": "root",
  "version": 7
}
